
Microsoft Visual Studio Solution File, Format Version 12.00
# Visual Studio Version 16
VisualStudioVersion = 16.0.32106.194
MinimumVisualStudioVersion = 10.0.40219.1
Project("{FAE04EC0-301F-11D3-BF4B-00C04F79EFBC}") = "Testak2", "Testak2\Testak2.csproj", "{3368DA46-9E79-4FFD-8CA1-B24B5E2EDB61}"
EndProject
Global
	GlobalSection(SolutionConfigurationPlatforms) = preSolution
		Debug|Any CPU = Debug|Any CPU
		Release|Any CPU = Release|Any CPU
	EndGlobalSection
	GlobalSection(ProjectConfigurationPlatforms) = postSolution
		{3368DA46-9E79-4FFD-8CA1-B24B5E2EDB61}.Debug|Any CPU.ActiveCfg = Debug|Any CPU
		{3368DA46-9E79-4FFD-8CA1-B24B5E2EDB61}.Debug|Any CPU.Build.0 = Debug|Any CPU
		{3368DA46-9E79-4FFD-8CA1-B24B5E2EDB61}.Release|Any CPU.ActiveCfg = Release|Any CPU
		{3368DA46-9E79-4FFD-8CA1-B24B5E2EDB61}.Release|Any CPU.Build.0 = Release|Any CPU
	EndGlobalSection
	GlobalSection(SolutionProperties) = preSolution
		HideSolutionNode = FALSE
	EndGlobalSection
	GlobalSection(ExtensibilityGlobals) = postSolution
		SolutionGuid = {D7389764-F663-496A-980C-DFB75181401A}
	EndGlobalSection
EndGlobal
